// !$*UTF8*$!
{
	archiveVersion = 1;
	classes = {
	};
	objectVersion = 46;
	objects = {

/* Begin PBXBuildFile section */
		AC06BCC91C76E33B005C29ED /* RCUserInfoModel.m in Sources */ = {isa = PBXBuildFile; fileRef = AC06BCC81C76E33B005C29ED /* RCUserInfoModel.m */; };
		AC3033AD1C75B55E00AA65CD /* LICENSE.txt in Resources */ = {isa = PBXBuildFile; fileRef = AC30339E1C75B55E00AA65CD /* LICENSE.txt */; };
		AC3033AE1C75B55E00AA65CD /* README.markdown in Sources */ = {isa = PBXBuildFile; fileRef = AC30339F1C75B55E00AA65CD /* README.markdown */; };
		AC3033AF1C75B55E00AA65CD /* FMDatabase.m in Sources */ = {isa = PBXBuildFile; fileRef = AC3033A31C75B55E00AA65CD /* FMDatabase.m */; };
		AC3033B01C75B55E00AA65CD /* FMDatabaseAdditions.m in Sources */ = {isa = PBXBuildFile; fileRef = AC3033A51C75B55E00AA65CD /* FMDatabaseAdditions.m */; };
		AC3033B11C75B55E00AA65CD /* FMDatabasePool.m in Sources */ = {isa = PBXBuildFile; fileRef = AC3033A71C75B55E00AA65CD /* FMDatabasePool.m */; };
		AC3033B21C75B55E00AA65CD /* FMDatabaseQueue.m in Sources */ = {isa = PBXBuildFile; fileRef = AC3033A91C75B55E00AA65CD /* FMDatabaseQueue.m */; };
		AC3033B31C75B55E00AA65CD /* FMResultSet.m in Sources */ = {isa = PBXBuildFile; fileRef = AC3033AC1C75B55E00AA65CD /* FMResultSet.m */; };
		AC3033B51C75B70F00AA65CD /* libsqlite3.tbd in Frameworks */ = {isa = PBXBuildFile; fileRef = AC3033B41C75B70F00AA65CD /* libsqlite3.tbd */; };
		AC690A141C4CBE6900D0E07A /* MyScrollView.m in Sources */ = {isa = PBXBuildFile; fileRef = AC690A131C4CBE6900D0E07A /* MyScrollView.m */; };
		AC73788B1D194DDA00A497D9 /* SFHFKeychainUtils.m in Sources */ = {isa = PBXBuildFile; fileRef = AC73788A1D194DDA00A497D9 /* SFHFKeychainUtils.m */; settings = {COMPILER_FLAGS = "-fno-objc-arc"; }; };
		ACC876E91D1BA82A003B554D /* AdSupport.framework in Frameworks */ = {isa = PBXBuildFile; fileRef = ACC876E81D1BA82A003B554D /* AdSupport.framework */; };
		ACF45DA01C2A32B200D19E39 /* main.m in Sources */ = {isa = PBXBuildFile; fileRef = ACF45D9F1C2A32B200D19E39 /* main.m */; };
		ACF45DA31C2A32B200D19E39 /* AppDelegate.m in Sources */ = {isa = PBXBuildFile; fileRef = ACF45DA21C2A32B200D19E39 /* AppDelegate.m */; };
		ACF45DA61C2A32B200D19E39 /* ViewController.m in Sources */ = {isa = PBXBuildFile; fileRef = ACF45DA51C2A32B200D19E39 /* ViewController.m */; };
		ACF45DA91C2A32B200D19E39 /* Main.storyboard in Resources */ = {isa = PBXBuildFile; fileRef = ACF45DA71C2A32B200D19E39 /* Main.storyboard */; };
		ACF45DAB1C2A32B200D19E39 /* Assets.xcassets in Resources */ = {isa = PBXBuildFile; fileRef = ACF45DAA1C2A32B200D19E39 /* Assets.xcassets */; };
		ACF45DAE1C2A32B200D19E39 /* LaunchScreen.storyboard in Resources */ = {isa = PBXBuildFile; fileRef = ACF45DAC1C2A32B200D19E39 /* LaunchScreen.storyboard */; };
		ACF45DB91C2A32B200D19E39 /* demo33333Tests.m in Sources */ = {isa = PBXBuildFile; fileRef = ACF45DB81C2A32B200D19E39 /* demo33333Tests.m */; };
		ACF45DC41C2A32B200D19E39 /* demo33333UITests.m in Sources */ = {isa = PBXBuildFile; fileRef = ACF45DC31C2A32B200D19E39 /* demo33333UITests.m */; };
		ACF45DD41C2A32DE00D19E39 /* NewViewController.m in Sources */ = {isa = PBXBuildFile; fileRef = ACF45DD21C2A32DE00D19E39 /* NewViewController.m */; };
		ACF45DD51C2A32DE00D19E39 /* NewViewController.xib in Resources */ = {isa = PBXBuildFile; fileRef = ACF45DD31C2A32DE00D19E39 /* NewViewController.xib */; };
/* End PBXBuildFile section */

/* Begin PBXContainerItemProxy section */
		ACF45DB51C2A32B200D19E39 /* PBXContainerItemProxy */ = {
			isa = PBXContainerItemProxy;
			containerPortal = ACF45D931C2A32B200D19E39 /* Project object */;
			proxyType = 1;
			remoteGlobalIDString = ACF45D9A1C2A32B200D19E39;
			remoteInfo = demo33333;
		};
		ACF45DC01C2A32B200D19E39 /* PBXContainerItemProxy */ = {
			isa = PBXContainerItemProxy;
			containerPortal = ACF45D931C2A32B200D19E39 /* Project object */;
			proxyType = 1;
			remoteGlobalIDString = ACF45D9A1C2A32B200D19E39;
			remoteInfo = demo33333;
		};
/* End PBXContainerItemProxy section */

/* Begin PBXFileReference section */
		AC06BCC71C76E33B005C29ED /* RCUserInfoModel.h */ = {isa = PBXFileReference; fileEncoding = 4; lastKnownFileType = sourcecode.c.h; path = RCUserInfoModel.h; sourceTree = "<group>"; };
		AC06BCC81C76E33B005C29ED /* RCUserInfoModel.m */ = {isa = PBXFileReference; fileEncoding = 4; lastKnownFileType = sourcecode.c.objc; path = RCUserInfoModel.m; sourceTree = "<group>"; };
		AC30339E1C75B55E00AA65CD /* LICENSE.txt */ = {isa = PBXFileReference; fileEncoding = 4; lastKnownFileType = text; path = LICENSE.txt; sourceTree = "<group>"; };
		AC30339F1C75B55E00AA65CD /* README.markdown */ = {isa = PBXFileReference; fileEncoding = 4; lastKnownFileType = net.daringfireball.markdown; path = README.markdown; sourceTree = "<group>"; };
		AC3033A21C75B55E00AA65CD /* FMDatabase.h */ = {isa = PBXFileReference; fileEncoding = 4; lastKnownFileType = sourcecode.c.h; path = FMDatabase.h; sourceTree = "<group>"; };
		AC3033A31C75B55E00AA65CD /* FMDatabase.m */ = {isa = PBXFileReference; fileEncoding = 4; lastKnownFileType = sourcecode.c.objc; path = FMDatabase.m; sourceTree = "<group>"; };
		AC3033A41C75B55E00AA65CD /* FMDatabaseAdditions.h */ = {isa = PBXFileReference; fileEncoding = 4; lastKnownFileType = sourcecode.c.h; path = FMDatabaseAdditions.h; sourceTree = "<group>"; };
		AC3033A51C75B55E00AA65CD /* FMDatabaseAdditions.m */ = {isa = PBXFileReference; fileEncoding = 4; lastKnownFileType = sourcecode.c.objc; path = FMDatabaseAdditions.m; sourceTree = "<group>"; };
		AC3033A61C75B55E00AA65CD /* FMDatabasePool.h */ = {isa = PBXFileReference; fileEncoding = 4; lastKnownFileType = sourcecode.c.h; path = FMDatabasePool.h; sourceTree = "<group>"; };
		AC3033A71C75B55E00AA65CD /* FMDatabasePool.m */ = {isa = PBXFileReference; fileEncoding = 4; lastKnownFileType = sourcecode.c.objc; path = FMDatabasePool.m; sourceTree = "<group>"; };
		AC3033A81C75B55E00AA65CD /* FMDatabaseQueue.h */ = {isa = PBXFileReference; fileEncoding = 4; lastKnownFileType = sourcecode.c.h; path = FMDatabaseQueue.h; sourceTree = "<group>"; };
		AC3033A91C75B55E00AA65CD /* FMDatabaseQueue.m */ = {isa = PBXFileReference; fileEncoding = 4; lastKnownFileType = sourcecode.c.objc; path = FMDatabaseQueue.m; sourceTree = "<group>"; };
		AC3033AA1C75B55E00AA65CD /* FMDB.h */ = {isa = PBXFileReference; fileEncoding = 4; lastKnownFileType = sourcecode.c.h; path = FMDB.h; sourceTree = "<group>"; };
		AC3033AB1C75B55E00AA65CD /* FMResultSet.h */ = {isa = PBXFileReference; fileEncoding = 4; lastKnownFileType = sourcecode.c.h; path = FMResultSet.h; sourceTree = "<group>"; };
		AC3033AC1C75B55E00AA65CD /* FMResultSet.m */ = {isa = PBXFileReference; fileEncoding = 4; lastKnownFileType = sourcecode.c.objc; path = FMResultSet.m; sourceTree = "<group>"; };
		AC3033B41C75B70F00AA65CD /* libsqlite3.tbd */ = {isa = PBXFileReference; lastKnownFileType = "sourcecode.text-based-dylib-definition"; name = libsqlite3.tbd; path = usr/lib/libsqlite3.tbd; sourceTree = SDKROOT; };
		AC690A121C4CBE6900D0E07A /* MyScrollView.h */ = {isa = PBXFileReference; fileEncoding = 4; lastKnownFileType = sourcecode.c.h; path = MyScrollView.h; sourceTree = "<group>"; };
		AC690A131C4CBE6900D0E07A /* MyScrollView.m */ = {isa = PBXFileReference; fileEncoding = 4; lastKnownFileType = sourcecode.c.objc; path = MyScrollView.m; sourceTree = "<group>"; };
		AC7378891D194DDA00A497D9 /* SFHFKeychainUtils.h */ = {isa = PBXFileReference; fileEncoding = 4; lastKnownFileType = sourcecode.c.h; path = SFHFKeychainUtils.h; sourceTree = "<group>"; };
		AC73788A1D194DDA00A497D9 /* SFHFKeychainUtils.m */ = {isa = PBXFileReference; fileEncoding = 4; lastKnownFileType = sourcecode.c.objc; path = SFHFKeychainUtils.m; sourceTree = "<group>"; };
		ACC876E81D1BA82A003B554D /* AdSupport.framework */ = {isa = PBXFileReference; lastKnownFileType = wrapper.framework; name = AdSupport.framework; path = System/Library/Frameworks/AdSupport.framework; sourceTree = SDKROOT; };
		ACF45D9B1C2A32B200D19E39 /* demo33333.app */ = {isa = PBXFileReference; explicitFileType = wrapper.application; includeInIndex = 0; path = demo33333.app; sourceTree = BUILT_PRODUCTS_DIR; };
		ACF45D9F1C2A32B200D19E39 /* main.m */ = {isa = PBXFileReference; lastKnownFileType = sourcecode.c.objc; path = main.m; sourceTree = "<group>"; };
		ACF45DA11C2A32B200D19E39 /* AppDelegate.h */ = {isa = PBXFileReference; lastKnownFileType = sourcecode.c.h; path = AppDelegate.h; sourceTree = "<group>"; };
		ACF45DA21C2A32B200D19E39 /* AppDelegate.m */ = {isa = PBXFileReference; lastKnownFileType = sourcecode.c.objc; path = AppDelegate.m; sourceTree = "<group>"; };
		ACF45DA41C2A32B200D19E39 /* ViewController.h */ = {isa = PBXFileReference; lastKnownFileType = sourcecode.c.h; path = ViewController.h; sourceTree = "<group>"; };
		ACF45DA51C2A32B200D19E39 /* ViewController.m */ = {isa = PBXFileReference; lastKnownFileType = sourcecode.c.objc; path = ViewController.m; sourceTree = "<group>"; };
		ACF45DA81C2A32B200D19E39 /* Base */ = {isa = PBXFileReference; lastKnownFileType = file.storyboard; name = Base; path = Base.lproj/Main.storyboard; sourceTree = "<group>"; };
		ACF45DAA1C2A32B200D19E39 /* Assets.xcassets */ = {isa = PBXFileReference; lastKnownFileType = folder.assetcatalog; path = Assets.xcassets; sourceTree = "<group>"; };
		ACF45DAD1C2A32B200D19E39 /* Base */ = {isa = PBXFileReference; lastKnownFileType = file.storyboard; name = Base; path = Base.lproj/LaunchScreen.storyboard; sourceTree = "<group>"; };
		ACF45DAF1C2A32B200D19E39 /* Info.plist */ = {isa = PBXFileReference; lastKnownFileType = text.plist.xml; path = Info.plist; sourceTree = "<group>"; };
		ACF45DB41C2A32B200D19E39 /* demo33333Tests.xctest */ = {isa = PBXFileReference; explicitFileType = wrapper.cfbundle; includeInIndex = 0; path = demo33333Tests.xctest; sourceTree = BUILT_PRODUCTS_DIR; };
		ACF45DB81C2A32B200D19E39 /* demo33333Tests.m */ = {isa = PBXFileReference; lastKnownFileType = sourcecode.c.objc; path = demo33333Tests.m; sourceTree = "<group>"; };
		ACF45DBA1C2A32B200D19E39 /* Info.plist */ = {isa = PBXFileReference; lastKnownFileType = text.plist.xml; path = Info.plist; sourceTree = "<group>"; };
		ACF45DBF1C2A32B200D19E39 /* demo33333UITests.xctest */ = {isa = PBXFileReference; explicitFileType = wrapper.cfbundle; includeInIndex = 0; path = demo33333UITests.xctest; sourceTree = BUILT_PRODUCTS_DIR; };
		ACF45DC31C2A32B200D19E39 /* demo33333UITests.m */ = {isa = PBXFileReference; lastKnownFileType = sourcecode.c.objc; path = demo33333UITests.m; sourceTree = "<group>"; };
		ACF45DC51C2A32B200D19E39 /* Info.plist */ = {isa = PBXFileReference; lastKnownFileType = text.plist.xml; path = Info.plist; sourceTree = "<group>"; };
		ACF45DD11C2A32DE00D19E39 /* NewViewController.h */ = {isa = PBXFileReference; fileEncoding = 4; lastKnownFileType = sourcecode.c.h; path = NewViewController.h; sourceTree = "<group>"; };
		ACF45DD21C2A32DE00D19E39 /* NewViewController.m */ = {isa = PBXFileReference; fileEncoding = 4; lastKnownFileType = sourcecode.c.objc; path = NewViewController.m; sourceTree = "<group>"; };
		ACF45DD31C2A32DE00D19E39 /* NewViewController.xib */ = {isa = PBXFileReference; fileEncoding = 4; lastKnownFileType = file.xib; path = NewViewController.xib; sourceTree = "<group>"; };
/* End PBXFileReference section */

/* Begin PBXFrameworksBuildPhase section */
		ACF45D981C2A32B200D19E39 /* Frameworks */ = {
			isa = PBXFrameworksBuildPhase;
			buildActionMask = 2147483647;
			files = (
				ACC876E91D1BA82A003B554D /* AdSupport.framework in Frameworks */,
				AC3033B51C75B70F00AA65CD /* libsqlite3.tbd in Frameworks */,
			);
			runOnlyForDeploymentPostprocessing = 0;
		};
		ACF45DB11C2A32B200D19E39 /* Frameworks */ = {
			isa = PBXFrameworksBuildPhase;
			buildActionMask = 2147483647;
			files = (
			);
			runOnlyForDeploymentPostprocessing = 0;
		};
		ACF45DBC1C2A32B200D19E39 /* Frameworks */ = {
			isa = PBXFrameworksBuildPhase;
			buildActionMask = 2147483647;
			files = (
			);
			runOnlyForDeploymentPostprocessing = 0;
		};
/* End PBXFrameworksBuildPhase section */

/* Begin PBXGroup section */
		AC30339D1C75B55E00AA65CD /* FMDB */ = {
			isa = PBXGroup;
			children = (
				AC30339E1C75B55E00AA65CD /* LICENSE.txt */,
				AC30339F1C75B55E00AA65CD /* README.markdown */,
				AC3033A01C75B55E00AA65CD /* src */,
			);
			path = FMDB;
			sourceTree = "<group>";
		};
		AC3033A01C75B55E00AA65CD /* src */ = {
			isa = PBXGroup;
			children = (
				AC3033A11C75B55E00AA65CD /* fmdb */,
			);
			path = src;
			sourceTree = "<group>";
		};
		AC3033A11C75B55E00AA65CD /* fmdb */ = {
			isa = PBXGroup;
			children = (
				AC3033A21C75B55E00AA65CD /* FMDatabase.h */,
				AC3033A31C75B55E00AA65CD /* FMDatabase.m */,
				AC3033A41C75B55E00AA65CD /* FMDatabaseAdditions.h */,
				AC3033A51C75B55E00AA65CD /* FMDatabaseAdditions.m */,
				AC3033A61C75B55E00AA65CD /* FMDatabasePool.h */,
				AC3033A71C75B55E00AA65CD /* FMDatabasePool.m */,
				AC3033A81C75B55E00AA65CD /* FMDatabaseQueue.h */,
				AC3033A91C75B55E00AA65CD /* FMDatabaseQueue.m */,
				AC3033AA1C75B55E00AA65CD /* FMDB.h */,
				AC3033AB1C75B55E00AA65CD /* FMResultSet.h */,
				AC3033AC1C75B55E00AA65CD /* FMResultSet.m */,
				AC06BCC71C76E33B005C29ED /* RCUserInfoModel.h */,
				AC06BCC81C76E33B005C29ED /* RCUserInfoModel.m */,
			);
			path = fmdb;
			sourceTree = "<group>";
		};
		ACF45D921C2A32B200D19E39 = {
			isa = PBXGroup;
			children = (
				ACC876E81D1BA82A003B554D /* AdSupport.framework */,
				AC3033B41C75B70F00AA65CD /* libsqlite3.tbd */,
				ACF45D9D1C2A32B200D19E39 /* demo33333 */,
				ACF45DB71C2A32B200D19E39 /* demo33333Tests */,
				ACF45DC21C2A32B200D19E39 /* demo33333UITests */,
				ACF45D9C1C2A32B200D19E39 /* Products */,
			);
			sourceTree = "<group>";
		};
		ACF45D9C1C2A32B200D19E39 /* Products */ = {
			isa = PBXGroup;
			children = (
				ACF45D9B1C2A32B200D19E39 /* demo33333.app */,
				ACF45DB41C2A32B200D19E39 /* demo33333Tests.xctest */,
				ACF45DBF1C2A32B200D19E39 /* demo33333UITests.xctest */,
			);
			name = Products;
			sourceTree = "<group>";
		};
		ACF45D9D1C2A32B200D19E39 /* demo33333 */ = {
			isa = PBXGroup;
			children = (
				ACF45DA11C2A32B200D19E39 /* AppDelegate.h */,
				ACF45DA21C2A32B200D19E39 /* AppDelegate.m */,
				AC7378891D194DDA00A497D9 /* SFHFKeychainUtils.h */,
				AC73788A1D194DDA00A497D9 /* SFHFKeychainUtils.m */,
				AC690A121C4CBE6900D0E07A /* MyScrollView.h */,
				AC690A131C4CBE6900D0E07A /* MyScrollView.m */,
				ACF45DD11C2A32DE00D19E39 /* NewViewController.h */,
				ACF45DD21C2A32DE00D19E39 /* NewViewController.m */,
				ACF45DD31C2A32DE00D19E39 /* NewViewController.xib */,
				ACF45DA41C2A32B200D19E39 /* ViewController.h */,
				ACF45DA51C2A32B200D19E39 /* ViewController.m */,
				ACF45DA71C2A32B200D19E39 /* Main.storyboard */,
				ACF45DAA1C2A32B200D19E39 /* Assets.xcassets */,
				ACF45DAC1C2A32B200D19E39 /* LaunchScreen.storyboard */,
				ACF45DAF1C2A32B200D19E39 /* Info.plist */,
				ACF45D9E1C2A32B200D19E39 /* Supporting Files */,
			);
			path = demo33333;
			sourceTree = "<group>";
		};
		ACF45D9E1C2A32B200D19E39 /* Supporting Files */ = {
			isa = PBXGroup;
			children = (
				AC30339D1C75B55E00AA65CD /* FMDB */,
				ACF45D9F1C2A32B200D19E39 /* main.m */,
			);
			name = "Supporting Files";
			sourceTree = "<group>";
		};
		ACF45DB71C2A32B200D19E39 /* demo33333Tests */ = {
			isa = PBXGroup;
			children = (
				ACF45DB81C2A32B200D19E39 /* demo33333Tests.m */,
				ACF45DBA1C2A32B200D19E39 /* Info.plist */,
			);
			path = demo33333Tests;
			sourceTree = "<group>";
		};
		ACF45DC21C2A32B200D19E39 /* demo33333UITests */ = {
			isa = PBXGroup;
			children = (
				ACF45DC31C2A32B200D19E39 /* demo33333UITests.m */,
				ACF45DC51C2A32B200D19E39 /* Info.plist */,
			);
			path = demo33333UITests;
			sourceTree = "<group>";
		};
/* End PBXGroup section */

/* Begin PBXNativeTarget section */
		ACF45D9A1C2A32B200D19E39 /* demo33333 */ = {
			isa = PBXNativeTarget;
			buildConfigurationList = ACF45DC81C2A32B200D19E39 /* Build configuration list for PBXNativeTarget "demo33333" */;
			buildPhases = (
				ACF45D971C2A32B200D19E39 /* Sources */,
				ACF45D981C2A32B200D19E39 /* Frameworks */,
				ACF45D991C2A32B200D19E39 /* Resources */,
			);
			buildRules = (
			);
			dependencies = (
			);
			name = demo33333;
			productName = demo33333;
			productReference = ACF45D9B1C2A32B200D19E39 /* demo33333.app */;
			productType = "com.apple.product-type.application";
		};
		ACF45DB31C2A32B200D19E39 /* demo33333Tests */ = {
			isa = PBXNativeTarget;
			buildConfigurationList = ACF45DCB1C2A32B200D19E39 /* Build configuration list for PBXNativeTarget "demo33333Tests" */;
			buildPhases = (
				ACF45DB01C2A32B200D19E39 /* Sources */,
				ACF45DB11C2A32B200D19E39 /* Frameworks */,
				ACF45DB21C2A32B200D19E39 /* Resources */,
			);
			buildRules = (
			);
			dependencies = (
				ACF45DB61C2A32B200D19E39 /* PBXTargetDependency */,
			);
			name = demo33333Tests;
			productName = demo33333Tests;
			productReference = ACF45DB41C2A32B200D19E39 /* demo33333Tests.xctest */;
			productType = "com.apple.product-type.bundle.unit-test";
		};
		ACF45DBE1C2A32B200D19E39 /* demo33333UITests */ = {
			isa = PBXNativeTarget;
			buildConfigurationList = ACF45DCE1C2A32B200D19E39 /* Build configuration list for PBXNativeTarget "demo33333UITests" */;
			buildPhases = (
				ACF45DBB1C2A32B200D19E39 /* Sources */,
				ACF45DBC1C2A32B200D19E39 /* Frameworks */,
				ACF45DBD1C2A32B200D19E39 /* Resources */,
			);
			buildRules = (
			);
			dependencies = (
				ACF45DC11C2A32B200D19E39 /* PBXTargetDependency */,
			);
			name = demo33333UITests;
			productName = demo33333UITests;
			productReference = ACF45DBF1C2A32B200D19E39 /* demo33333UITests.xctest */;
			productType = "com.apple.product-type.bundle.ui-testing";
		};
/* End PBXNativeTarget section */

/* Begin PBXProject section */
		ACF45D931C2A32B200D19E39 /* Project object */ = {
			isa = PBXProject;
			attributes = {
				LastUpgradeCheck = 0720;
				ORGANIZATIONNAME = JianXin;
				TargetAttributes = {
					ACF45D9A1C2A32B200D19E39 = {
						CreatedOnToolsVersion = 7.2;
					};
					ACF45DB31C2A32B200D19E39 = {
						CreatedOnToolsVersion = 7.2;
						TestTargetID = ACF45D9A1C2A32B200D19E39;
					};
					ACF45DBE1C2A32B200D19E39 = {
						CreatedOnToolsVersion = 7.2;
						TestTargetID = ACF45D9A1C2A32B200D19E39;
					};
				};
			};
			buildConfigurationList = ACF45D961C2A32B200D19E39 /* Build configuration list for PBXProject "demo33333" */;
			compatibilityVersion = "Xcode 3.2";
			developmentRegion = English;
			hasScannedForEncodings = 0;
			knownRegions = (
				en,
				Base,
			);
			mainGroup = ACF45D921C2A32B200D19E39;
			productRefGroup = ACF45D9C1C2A32B200D19E39 /* Products */;
			projectDirPath = "";
			projectRoot = "";
			targets = (
				ACF45D9A1C2A32B200D19E39 /* demo33333 */,
				ACF45DB31C2A32B200D19E39 /* demo33333Tests */,
				ACF45DBE1C2A32B200D19E39 /* demo33333UITests */,
			);
		};
/* End PBXProject section */

/* Begin PBXResourcesBuildPhase section */
		ACF45D991C2A32B200D19E39 /* Resources */ = {
			isa = PBXResourcesBuildPhase;
			buildActionMask = 2147483647;
			files = (
				ACF45DAE1C2A32B200D19E39 /* LaunchScreen.storyboard in Resources */,
				ACF45DAB1C2A32B200D19E39 /* Assets.xcassets in Resources */,
				ACF45DA91C2A32B200D19E39 /* Main.storyboard in Resources */,
				AC3033AD1C75B55E00AA65CD /* LICENSE.txt in Resources */,
				ACF45DD51C2A32DE00D19E39 /* NewViewController.xib in Resources */,
			);
			runOnlyForDeploymentPostprocessing = 0;
		};
		ACF45DB21C2A32B200D19E39 /* Resources */ = {
			isa = PBXResourcesBuildPhase;
			buildActionMask = 2147483647;
			files = (
			);
			runOnlyForDeploymentPostprocessing = 0;
		};
		ACF45DBD1C2A32B200D19E39 /* Resources */ = {
			isa = PBXResourcesBuildPhase;
			buildActionMask = 2147483647;
			files = (
			);
			runOnlyForDeploymentPostprocessing = 0;
		};
/* End PBXResourcesBuildPhase section */

/* Begin PBXSourcesBuildPhase section */
		ACF45D971C2A32B200D19E39 /* Sources */ = {
			isa = PBXSourcesBuildPhase;
			buildActionMask = 2147483647;
			files = (
				ACF45DA61C2A32B200D19E39 /* ViewController.m in Sources */,
				ACF45DA31C2A32B200D19E39 /* AppDelegate.m in Sources */,
				AC73788B1D194DDA00A497D9 /* SFHFKeychainUtils.m in Sources */,
				AC3033AE1C75B55E00AA65CD /* README.markdown in Sources */,
				AC3033AF1C75B55E00AA65CD /* FMDatabase.m in Sources */,
				AC3033B11C75B55E00AA65CD /* FMDatabasePool.m in Sources */,
				AC3033B21C75B55E00AA65CD /* FMDatabaseQueue.m in Sources */,
				ACF45DA01C2A32B200D19E39 /* main.m in Sources */,
				AC690A141C4CBE6900D0E07A /* MyScrollView.m in Sources */,
				AC3033B31C75B55E00AA65CD /* FMResultSet.m in Sources */,
				AC06BCC91C76E33B005C29ED /* RCUserInfoModel.m in Sources */,
				ACF45DD41C2A32DE00D19E39 /* NewViewController.m in Sources */,
				AC3033B01C75B55E00AA65CD /* FMDatabaseAdditions.m in Sources */,
			);
			runOnlyForDeploymentPostprocessing = 0;
		};
		ACF45DB01C2A32B200D19E39 /* Sources */ = {
			isa = PBXSourcesBuildPhase;
			buildActionMask = 2147483647;
			files = (
				ACF45DB91C2A32B200D19E39 /* demo33333Tests.m in Sources */,
			);
			runOnlyForDeploymentPostprocessing = 0;
		};
		ACF45DBB1C2A32B200D19E39 /* Sources */ = {
			isa = PBXSourcesBuildPhase;
			buildActionMask = 2147483647;
			files = (
				ACF45DC41C2A32B200D19E39 /* demo33333UITests.m in Sources */,
			);
			runOnlyForDeploymentPostprocessing = 0;
		};
/* End PBXSourcesBuildPhase section */

/* Begin PBXTargetDependency section */
		ACF45DB61C2A32B200D19E39 /* PBXTargetDependency */ = {
			isa = PBXTargetDependency;
			target = ACF45D9A1C2A32B200D19E39 /* demo33333 */;
			targetProxy = ACF45DB51C2A32B200D19E39 /* PBXContainerItemProxy */;
		};
		ACF45DC11C2A32B200D19E39 /* PBXTargetDependency */ = {
			isa = PBXTargetDependency;
			target = ACF45D9A1C2A32B200D19E39 /* demo33333 */;
			targetProxy = ACF45DC01C2A32B200D19E39 /* PBXContainerItemProxy */;
		};
/* End PBXTargetDependency section */

/* Begin PBXVariantGroup section */
		ACF45DA71C2A32B200D19E39 /* Main.storyboard */ = {
			isa = PBXVariantGroup;
			children = (
				ACF45DA81C2A32B200D19E39 /* Base */,
			);
			name = Main.storyboard;
			sourceTree = "<group>";
		};
		ACF45DAC1C2A32B200D19E39 /* LaunchScreen.storyboard */ = {
			isa = PBXVariantGroup;
			children = (
				ACF45DAD1C2A32B200D19E39 /* Base */,
			);
			name = LaunchScreen.storyboard;
			sourceTree = "<group>";
		};
/* End PBXVariantGroup section */

/* Begin XCBuildConfiguration section */
		ACF45DC61C2A32B200D19E39 /* Debug */ = {
			isa = XCBuildConfiguration;
			buildSettings = {
				ALWAYS_SEARCH_USER_PATHS = NO;
				CLANG_CXX_LANGUAGE_STANDARD = "gnu++0x";
				CLANG_CXX_LIBRARY = "libc++";
				CLANG_ENABLE_MODULES = YES;
				CLANG_ENABLE_OBJC_ARC = YES;
				CLANG_WARN_BOOL_CONVERSION = YES;
				CLANG_WARN_CONSTANT_CONVERSION = YES;
				CLANG_WARN_DIRECT_OBJC_ISA_USAGE = YES_ERROR;
				CLANG_WARN_EMPTY_BODY = YES;
				CLANG_WARN_ENUM_CONVERSION = YES;
				CLANG_WARN_INT_CONVERSION = YES;
				CLANG_WARN_OBJC_ROOT_CLASS = YES_ERROR;
				CLANG_WARN_UNREACHABLE_CODE = YES;
				CLANG_WARN__DUPLICATE_METHOD_MATCH = YES;
				"CODE_SIGN_IDENTITY[sdk=iphoneos*]" = "iPhone Developer";
				COPY_PHASE_STRIP = NO;
				DEBUG_INFORMATION_FORMAT = dwarf;
				ENABLE_STRICT_OBJC_MSGSEND = YES;
				ENABLE_TESTABILITY = YES;
				GCC_C_LANGUAGE_STANDARD = gnu99;
				GCC_DYNAMIC_NO_PIC = NO;
				GCC_NO_COMMON_BLOCKS = YES;
				GCC_OPTIMIZATION_LEVEL = 0;
				GCC_PREPROCESSOR_DEFINITIONS = (
					"DEBUG=1",
					"$(inherited)",
				);
				GCC_WARN_64_TO_32_BIT_CONVERSION = YES;
				GCC_WARN_ABOUT_RETURN_TYPE = YES_ERROR;
				GCC_WARN_UNDECLARED_SELECTOR = YES;
				GCC_WARN_UNINITIALIZED_AUTOS = YES_AGGRESSIVE;
				GCC_WARN_UNUSED_FUNCTION = YES;
				GCC_WARN_UNUSED_VARIABLE = YES;
				IPHONEOS_DEPLOYMENT_TARGET = 9.2;
				MTL_ENABLE_DEBUG_INFO = YES;
				ONLY_ACTIVE_ARCH = YES;
				SDKROOT = iphoneos;
			};
			name = Debug;
		};
		ACF45DC71C2A32B200D19E39 /* Release */ = {
			isa = XCBuildConfiguration;
			buildSettings = {
				ALWAYS_SEARCH_USER_PATHS = NO;
				CLANG_CXX_LANGUAGE_STANDARD = "gnu++0x";
				CLANG_CXX_LIBRARY = "libc++";
				CLANG_ENABLE_MODULES = YES;
				CLANG_ENABLE_OBJC_ARC = YES;
				CLANG_WARN_BOOL_CONVERSION = YES;
				CLANG_WARN_CONSTANT_CONVERSION = YES;
				CLANG_WARN_DIRECT_OBJC_ISA_USAGE = YES_ERROR;
				CLANG_WARN_EMPTY_BODY = YES;
				CLANG_WARN_ENUM_CONVERSION = YES;
				CLANG_WARN_INT_CONVERSION = YES;
				CLANG_WARN_OBJC_ROOT_CLASS = YES_ERROR;
				CLANG_WARN_UNREACHABLE_CODE = YES;
				CLANG_WARN__DUPLICATE_METHOD_MATCH = YES;
				"CODE_SIGN_IDENTITY[sdk=iphoneos*]" = "iPhone Developer";
				COPY_PHASE_STRIP = NO;
				DEBUG_INFORMATION_FORMAT = "dwarf-with-dsym";
				ENABLE_NS_ASSERTIONS = NO;
				ENABLE_STRICT_OBJC_MSGSEND = YES;
				GCC_C_LANGUAGE_STANDARD = gnu99;
				GCC_NO_COMMON_BLOCKS = YES;
				GCC_WARN_64_TO_32_BIT_CONVERSION = YES;
				GCC_WARN_ABOUT_RETURN_TYPE = YES_ERROR;
				GCC_WARN_UNDECLARED_SELECTOR = YES;
				GCC_WARN_UNINITIALIZED_AUTOS = YES_AGGRESSIVE;
				GCC_WARN_UNUSED_FUNCTION = YES;
				GCC_WARN_UNUSED_VARIABLE = YES;
				IPHONEOS_DEPLOYMENT_TARGET = 9.2;
				MTL_ENABLE_DEBUG_INFO = NO;
				SDKROOT = iphoneos;
				VALIDATE_PRODUCT = YES;
			};
			name = Release;
		};
		ACF45DC91C2A32B200D19E39 /* Debug */ = {
			isa = XCBuildConfiguration;
			buildSettings = {
				ASSETCATALOG_COMPILER_APPICON_NAME = AppIcon;
				INFOPLIST_FILE = demo33333/Info.plist;
				IPHONEOS_DEPLOYMENT_TARGET = 6.0;
				LD_RUNPATH_SEARCH_PATHS = "$(inherited) @executable_path/Frameworks";
				PRODUCT_BUNDLE_IDENTIFIER = com.my.demo33333;
				PRODUCT_NAME = "$(TARGET_NAME)";
			};
			name = Debug;
		};
		ACF45DCA1C2A32B200D19E39 /* Release */ = {
			isa = XCBuildConfiguration;
			buildSettings = {
				ASSETCATALOG_COMPILER_APPICON_NAME = AppIcon;
				INFOPLIST_FILE = demo33333/Info.plist;
				IPHONEOS_DEPLOYMENT_TARGET = 6.0;
				LD_RUNPATH_SEARCH_PATHS = "$(inherited) @executable_path/Frameworks";
				PRODUCT_BUNDLE_IDENTIFIER = com.my.demo33333;
				PRODUCT_NAME = "$(TARGET_NAME)";
			};
			name = Release;
		};
		ACF45DCC1C2A32B200D19E39 /* Debug */ = {
			isa = XCBuildConfiguration;
			buildSettings = {
				BUNDLE_LOADER = "$(TEST_HOST)";
				INFOPLIST_FILE = demo33333Tests/Info.plist;
				LD_RUNPATH_SEARCH_PATHS = "$(inherited) @executable_path/Frameworks @loader_path/Frameworks";
				PRODUCT_BUNDLE_IDENTIFIER = com.my.demo33333Tests;
				PRODUCT_NAME = "$(TARGET_NAME)";
				TEST_HOST = "$(BUILT_PRODUCTS_DIR)/demo33333.app/demo33333";
			};
			name = Debug;
		};
		ACF45DCD1C2A32B200D19E39 /* Release */ = {
			isa = XCBuildConfiguration;
			buildSettings = {
				BUNDLE_LOADER = "$(TEST_HOST)";
				INFOPLIST_FILE = demo33333Tests/Info.plist;
				LD_RUNPATH_SEARCH_PATHS = "$(inherited) @executable_path/Frameworks @loader_path/Frameworks";
				PRODUCT_BUNDLE_IDENTIFIER = com.my.demo33333Tests;
				PRODUCT_NAME = "$(TARGET_NAME)";
				TEST_HOST = "$(BUILT_PRODUCTS_DIR)/demo33333.app/demo33333";
			};
			name = Release;
		};
		ACF45DCF1C2A32B200D19E39 /* Debug */ = {
			isa = XCBuildConfiguration;
			buildSettings = {
				INFOPLIST_FILE = demo33333UITests/Info.plist;
				LD_RUNPATH_SEARCH_PATHS = "$(inherited) @executable_path/Frameworks @loader_path/Frameworks";
				PRODUCT_BUNDLE_IDENTIFIER = com.my.demo33333UITests;
				PRODUCT_NAME = "$(TARGET_NAME)";
				TEST_TARGET_NAME = demo33333;
				USES_XCTRUNNER = YES;
			};
			name = Debug;
		};
		ACF45DD01C2A32B200D19E39 /* Release */ = {
			isa = XCBuildConfiguration;
			buildSettings = {
				INFOPLIST_FILE = demo33333UITests/Info.plist;
				LD_RUNPATH_SEARCH_PATHS = "$(inherited) @executable_path/Frameworks @loader_path/Frameworks";
				PRODUCT_BUNDLE_IDENTIFIER = com.my.demo33333UITests;
				PRODUCT_NAME = "$(TARGET_NAME)";
				TEST_TARGET_NAME = demo33333;
				USES_XCTRUNNER = YES;
			};
			name = Release;
		};
/* End XCBuildConfiguration section */

/* Begin XCConfigurationList section */
		ACF45D961C2A32B200D19E39 /* Build configuration list for PBXProject "demo33333" */ = {
			isa = XCConfigurationList;
			buildConfigurations = (
				ACF45DC61C2A32B200D19E39 /* Debug */,
				ACF45DC71C2A32B200D19E39 /* Release */,
			);
			defaultConfigurationIsVisible = 0;
			defaultConfigurationName = Release;
		};
		ACF45DC81C2A32B200D19E39 /* Build configuration list for PBXNativeTarget "demo33333" */ = {
			isa = XCConfigurationList;
			buildConfigurations = (
				ACF45DC91C2A32B200D19E39 /* Debug */,
				ACF45DCA1C2A32B200D19E39 /* Release */,
			);
			defaultConfigurationIsVisible = 0;
			defaultConfigurationName = Release;
		};
		ACF45DCB1C2A32B200D19E39 /* Build configuration list for PBXNativeTarget "demo33333Tests" */ = {
			isa = XCConfigurationList;
			buildConfigurations = (
				ACF45DCC1C2A32B200D19E39 /* Debug */,
				ACF45DCD1C2A32B200D19E39 /* Release */,
			);
			defaultConfigurationIsVisible = 0;
			defaultConfigurationName = Release;
		};
		ACF45DCE1C2A32B200D19E39 /* Build configuration list for PBXNativeTarget "demo33333UITests" */ = {
			isa = XCConfigurationList;
			buildConfigurations = (
				ACF45DCF1C2A32B200D19E39 /* Debug */,
				ACF45DD01C2A32B200D19E39 /* Release */,
			);
			defaultConfigurationIsVisible = 0;
			defaultConfigurationName = Release;
		};
/* End XCConfigurationList section */
	};
	rootObject = ACF45D931C2A32B200D19E39 /* Project object */;
}
